
Microsoft Visual Studio Solution File, Format Version 12.00
# Visual Studio Version 17
VisualStudioVersion = 17.10.34607.79
MinimumVisualStudioVersion = 10.0.40219.1
Project("{8BC9CEB8-8B4A-11D0-8D11-00A0C91BC942}") = "0130_IntoOOP", "0130_IntoOOP\0130_IntoOOP.vcxproj", "{A7AB713B-1358-41D4-BD4A-63329CED4E57}"
EndProject
Project("{8BC9CEB8-8B4A-11D0-8D11-00A0C91BC942}") = "BangunDatar", "BangunDatar\BangunDatar.vcxproj", "{F1BE63AD-3D80-480D-9FAD-E5C11E35B5AC}"
EndProject
Global
	GlobalSection(SolutionConfigurationPlatforms) = preSolution
		Debug|x64 = Debug|x64
		Debug|x86 = Debug|x86
		Release|x64 = Release|x64
		Release|x86 = Release|x86
	EndGlobalSection
	GlobalSection(ProjectConfigurationPlatforms) = postSolution
		{A7AB713B-1358-41D4-BD4A-63329CED4E57}.Debug|x64.ActiveCfg = Debug|x64
		{A7AB713B-1358-41D4-BD4A-63329CED4E57}.Debug|x64.Build.0 = Debug|x64
		{A7AB713B-1358-41D4-BD4A-63329CED4E57}.Debug|x86.ActiveCfg = Debug|Win32
		{A7AB713B-1358-41D4-BD4A-63329CED4E57}.Debug|x86.Build.0 = Debug|Win32
		{A7AB713B-1358-41D4-BD4A-63329CED4E57}.Release|x64.ActiveCfg = Release|x64
		{A7AB713B-1358-41D4-BD4A-63329CED4E57}.Release|x64.Build.0 = Release|x64
		{A7AB713B-1358-41D4-BD4A-63329CED4E57}.Release|x86.ActiveCfg = Release|Win32
		{A7AB713B-1358-41D4-BD4A-63329CED4E57}.Release|x86.Build.0 = Release|Win32
		{F1BE63AD-3D80-480D-9FAD-E5C11E35B5AC}.Debug|x64.ActiveCfg = Debug|x64
		{F1BE63AD-3D80-480D-9FAD-E5C11E35B5AC}.Debug|x64.Build.0 = Debug|x64
		{F1BE63AD-3D80-480D-9FAD-E5C11E35B5AC}.Debug|x86.ActiveCfg = Debug|Win32
		{F1BE63AD-3D80-480D-9FAD-E5C11E35B5AC}.Debug|x86.Build.0 = Debug|Win32
		{F1BE63AD-3D80-480D-9FAD-E5C11E35B5AC}.Release|x64.ActiveCfg = Release|x64
		{F1BE63AD-3D80-480D-9FAD-E5C11E35B5AC}.Release|x64.Build.0 = Release|x64
		{F1BE63AD-3D80-480D-9FAD-E5C11E35B5AC}.Release|x86.ActiveCfg = Release|Win32
		{F1BE63AD-3D80-480D-9FAD-E5C11E35B5AC}.Release|x86.Build.0 = Release|Win32
	EndGlobalSection
	GlobalSection(SolutionProperties) = preSolution
		HideSolutionNode = FALSE
	EndGlobalSection
	GlobalSection(ExtensibilityGlobals) = postSolution
		SolutionGuid = {BE95307E-F5CA-461C-BD4A-5568C2CEB88D}
	EndGlobalSection
EndGlobal
